
Microsoft Visual Studio Solution File, Format Version 12.00
# Visual Studio 15
VisualStudioVersion = 15.0.26228.9
MinimumVisualStudioVersion = 10.0.40219.1
Project("{FAE04EC0-301F-11D3-BF4B-00C04F79EFBC}") = "MovingWindow", "MovingWindow\MovingWindow.csproj", "{0A964E8C-0D88-4E9D-8DD8-D01589B8E348}"
EndProject
Global
	GlobalSection(SolutionConfigurationPlatforms) = preSolution
		Debug|Any CPU = Debug|Any CPU
		Release|Any CPU = Release|Any CPU
	EndGlobalSection
	GlobalSection(ProjectConfigurationPlatforms) = postSolution
		{0A964E8C-0D88-4E9D-8DD8-D01589B8E348}.Debug|Any CPU.ActiveCfg = Debug|Any CPU
		{0A964E8C-0D88-4E9D-8DD8-D01589B8E348}.Debug|Any CPU.Build.0 = Debug|Any CPU
		{0A964E8C-0D88-4E9D-8DD8-D01589B8E348}.Release|Any CPU.ActiveCfg = Release|Any CPU
		{0A964E8C-0D88-4E9D-8DD8-D01589B8E348}.Release|Any CPU.Build.0 = Release|Any CPU
	EndGlobalSection
	GlobalSection(SolutionProperties) = preSolution
		HideSolutionNode = FALSE
	EndGlobalSection
	GlobalSection(ExtensibilityGlobals) = postSolution
		SolutionGuid = {4107EBB3-3561-400E-AA07-F95A63DDFACD}
	EndGlobalSection
EndGlobal
